
Microsoft Visual Studio Solution File, Format Version 12.00
# Visual Studio Version 16
VisualStudioVersion = 16.0.30128.74
MinimumVisualStudioVersion = 10.0.40219.1
Project("{FAE04EC0-301F-11D3-BF4B-00C04F79EFBC}") = "CodeLab5_TSullivan", "CodeLab5_TSullivan.csproj", "{5DEFAB1D-15F8-4D7B-A1AE-909B77CEEC7D}"
EndProject
Global
	GlobalSection(SolutionConfigurationPlatforms) = preSolution
		Debug|Any CPU = Debug|Any CPU
		Release|Any CPU = Release|Any CPU
	EndGlobalSection
	GlobalSection(ProjectConfigurationPlatforms) = postSolution
		{5DEFAB1D-15F8-4D7B-A1AE-909B77CEEC7D}.Debug|Any CPU.ActiveCfg = Debug|Any CPU
		{5DEFAB1D-15F8-4D7B-A1AE-909B77CEEC7D}.Debug|Any CPU.Build.0 = Debug|Any CPU
		{5DEFAB1D-15F8-4D7B-A1AE-909B77CEEC7D}.Release|Any CPU.ActiveCfg = Release|Any CPU
		{5DEFAB1D-15F8-4D7B-A1AE-909B77CEEC7D}.Release|Any CPU.Build.0 = Release|Any CPU
	EndGlobalSection
	GlobalSection(SolutionProperties) = preSolution
		HideSolutionNode = FALSE
	EndGlobalSection
	GlobalSection(ExtensibilityGlobals) = postSolution
		SolutionGuid = {15867CC0-1D93-4393-8E62-C4C3F3A81E5F}
	EndGlobalSection
EndGlobal
